
Microsoft Visual Studio Solution File, Format Version 12.00
# Visual Studio 2012
Project("{FAE04EC0-301F-11D3-BF4B-00C04F79EFBC}") = "ExcelToSQLite", "ExcelToSQLite\ExcelToSQLite.csproj", "{BA532401-E0B1-48C9-AA8F-E355B8CC569E}"
EndProject
Global
	GlobalSection(SolutionConfigurationPlatforms) = preSolution
		Debug|x86 = Debug|x86
		Release|x86 = Release|x86
	EndGlobalSection
	GlobalSection(ProjectConfigurationPlatforms) = postSolution
		{BA532401-E0B1-48C9-AA8F-E355B8CC569E}.Debug|x86.ActiveCfg = Debug|x86
		{BA532401-E0B1-48C9-AA8F-E355B8CC569E}.Debug|x86.Build.0 = Debug|x86
		{BA532401-E0B1-48C9-AA8F-E355B8CC569E}.Release|x86.ActiveCfg = Release|x86
		{BA532401-E0B1-48C9-AA8F-E355B8CC569E}.Release|x86.Build.0 = Release|x86
	EndGlobalSection
	GlobalSection(MonoDevelopProperties) = preSolution
		StartupItem = ExcelToSQLite\ExcelToSQLite.csproj
	EndGlobalSection
EndGlobal
